dependencies:
- name: spark-operator
  repository: https://kubeflow.github.io/spark-operator
  version: 2.5.0
- name: flink-kubernetes-operator
  repository: https://archive.apache.org/dist/flink/flink-kubernetes-operator-1.10.0/
  version: 1.10.0
- name: promtail
  repository: https://grafana.github.io/helm-charts
  version: 6.16.6
digest: sha256:eef64757b710d9224e508ec1fd154d757cf9eda5b23c26d87f3805be716f75f6
generated: "2026-04-15T18:51:13.721031211Z"
