dependencies:
- name: spark-operator
  repository: https://kubeflow.github.io/spark-operator
  version: 2.5.0
- name: flink-kubernetes-operator
  repository: https://archive.apache.org/dist/flink/flink-kubernetes-operator-1.10.0/
  version: 1.10.0
- name: kuberay-operator
  repository: https://ray-project.github.io/kuberay-helm/
  version: 1.6.1
- name: promtail
  repository: https://grafana.github.io/helm-charts
  version: 6.16.6
digest: sha256:54e0b804a13b5ef908eba072efbaf6438ddfb76fff730fc3dcb312f38f209b99
generated: "2026-05-17T01:00:36.329437014Z"
